github.com/go-sql-driver/mysql v1.7.0 h1:ueSltNNllEqE3qcWBTD0iQd3IpL/6U+mJxLkazJ7YPc=
github.com/go-sql-driver/mysql v1.7.0/go.mod h1:OXbVy3sEdcQ2Doequ6Z5BW6fXNQTmx+9S1MCJN5yJMI=
github.com/shettyh/threadpool v0.0.0-20200323115144-b99fd8aaa945 h1:u3vPe14JsH9ON3V1XDpTRzIxzBkyvQLC0gJilH1qGgc=
github.com/shettyh/threadpool v0.0.0-20200323115144-b99fd8aaa945/go.mod h1:7zHtxRb7VmhasKcyiz/BTliHYG9pYIFr1Z7PpHkCT2A=
